// !$*UTF8*$!
{
	archiveVersion = 1;
	classes = {
	};
	objectVersion = 56;
	objects = {

/* Begin PBXBuildFile section */
		8417E60228E70E1100EEDC27 /* Networking.swift in Sources */ = {isa = PBXBuildFile; fileRef = 8417E60128E70E1100EEDC27 /* Networking.swift */; };
		8417E60C28E7373900EEDC27 /* MathUtil.swift in Sources */ = {isa = PBXBuildFile; fileRef = 8417E60928E7373900EEDC27 /* MathUtil.swift */; };
		8417E60D28E7373900EEDC27 /* MapUtils.swift in Sources */ = {isa = PBXBuildFile; fileRef = 8417E60A28E7373900EEDC27 /* MapUtils.swift */; };
		8417E60E28E7373900EEDC27 /* SphericalUtil.swift in Sources */ = {isa = PBXBuildFile; fileRef = 8417E60B28E7373900EEDC27 /* SphericalUtil.swift */; };
		849B598328DEF4AE00D5A156 /* AppDelegate.swift in Sources */ = {isa = PBXBuildFile; fileRef = 849B598228DEF4AE00D5A156 /* AppDelegate.swift */; };
		849B598528DEF4AE00D5A156 /* SceneDelegate.swift in Sources */ = {isa = PBXBuildFile; fileRef = 849B598428DEF4AE00D5A156 /* SceneDelegate.swift */; };
		849B598728DEF4AE00D5A156 /* ViewController.swift in Sources */ = {isa = PBXBuildFile; fileRef = 849B598628DEF4AE00D5A156 /* ViewController.swift */; };
		849B598A28DEF4AE00D5A156 /* Main.storyboard in Resources */ = {isa = PBXBuildFile; fileRef = 849B598828DEF4AE00D5A156 /* Main.storyboard */; };
		849B598C28DEF4AF00D5A156 /* Assets.xcassets in Resources */ = {isa = PBXBuildFile; fileRef = 849B598B28DEF4AF00D5A156 /* Assets.xcassets */; };
		849B598F28DEF4AF00D5A156 /* LaunchScreen.storyboard in Resources */ = {isa = PBXBuildFile; fileRef = 849B598D28DEF4AF00D5A156 /* LaunchScreen.storyboard */; };
		84DC4F1328E5BF0000241FC9 /* ChargerModel.swift in Sources */ = {isa = PBXBuildFile; fileRef = 84DC4F1228E5BF0000241FC9 /* ChargerModel.swift */; };
/* End PBXBuildFile section */

/* Begin PBXFileReference section */
		8417E60128E70E1100EEDC27 /* Networking.swift */ = {isa = PBXFileReference; lastKnownFileType = sourcecode.swift; path = Networking.swift; sourceTree = "<group>"; };
		8417E60928E7373900EEDC27 /* MathUtil.swift */ = {isa = PBXFileReference; fileEncoding = 4; lastKnownFileType = sourcecode.swift; path = MathUtil.swift; sourceTree = "<group>"; };
		8417E60A28E7373900EEDC27 /* MapUtils.swift */ = {isa = PBXFileReference; fileEncoding = 4; lastKnownFileType = sourcecode.swift; path = MapUtils.swift; sourceTree = "<group>"; };
		8417E60B28E7373900EEDC27 /* SphericalUtil.swift */ = {isa = PBXFileReference; fileEncoding = 4; lastKnownFileType = sourcecode.swift; path = SphericalUtil.swift; sourceTree = "<group>"; };
		849B597F28DEF4AE00D5A156 /* TestMap.app */ = {isa = PBXFileReference; explicitFileType = wrapper.application; includeInIndex = 0; path = TestMap.app; sourceTree = BUILT_PRODUCTS_DIR; };
		849B598228DEF4AE00D5A156 /* AppDelegate.swift */ = {isa = PBXFileReference; lastKnownFileType = sourcecode.swift; path = AppDelegate.swift; sourceTree = "<group>"; };
		849B598428DEF4AE00D5A156 /* SceneDelegate.swift */ = {isa = PBXFileReference; lastKnownFileType = sourcecode.swift; path = SceneDelegate.swift; sourceTree = "<group>"; };
		849B598628DEF4AE00D5A156 /* ViewController.swift */ = {isa = PBXFileReference; lastKnownFileType = sourcecode.swift; path = ViewController.swift; sourceTree = "<group>"; };
		849B598928DEF4AE00D5A156 /* Base */ = {isa = PBXFileReference; lastKnownFileType = file.storyboard; name = Base; path = Base.lproj/Main.storyboard; sourceTree = "<group>"; };
		849B598B28DEF4AF00D5A156 /* Assets.xcassets */ = {isa = PBXFileReference; lastKnownFileType = folder.assetcatalog; path = Assets.xcassets; sourceTree = "<group>"; };
		849B598E28DEF4AF00D5A156 /* Base */ = {isa = PBXFileReference; lastKnownFileType = file.storyboard; name = Base; path = Base.lproj/LaunchScreen.storyboard; sourceTree = "<group>"; };
		849B599028DEF4AF00D5A156 /* Info.plist */ = {isa = PBXFileReference; lastKnownFileType = text.plist.xml; path = Info.plist; sourceTree = "<group>"; };
		84DC4F1228E5BF0000241FC9 /* ChargerModel.swift */ = {isa = PBXFileReference; lastKnownFileType = sourcecode.swift; path = ChargerModel.swift; sourceTree = "<group>"; };
/* End PBXFileReference section */

/* Begin PBXFrameworksBuildPhase section */
		849B597C28DEF4AE00D5A156 /* Frameworks */ = {
			isa = PBXFrameworksBuildPhase;
			buildActionMask = 2147483647;
			files = (
			);
			runOnlyForDeploymentPostprocessing = 0;
		};
/* End PBXFrameworksBuildPhase section */

/* Begin PBXGroup section */
		849B597628DEF4AE00D5A156 = {
			isa = PBXGroup;
			children = (
				849B598128DEF4AE00D5A156 /* TestMap */,
				849B598028DEF4AE00D5A156 /* Products */,
			);
			sourceTree = "<group>";
		};
		849B598028DEF4AE00D5A156 /* Products */ = {
			isa = PBXGroup;
			children = (
				849B597F28DEF4AE00D5A156 /* TestMap.app */,
			);
			name = Products;
			sourceTree = "<group>";
		};
		849B598128DEF4AE00D5A156 /* TestMap */ = {
			isa = PBXGroup;
			children = (
				8417E60A28E7373900EEDC27 /* MapUtils.swift */,
				8417E60928E7373900EEDC27 /* MathUtil.swift */,
				8417E60B28E7373900EEDC27 /* SphericalUtil.swift */,
				849B598228DEF4AE00D5A156 /* AppDelegate.swift */,
				849B598428DEF4AE00D5A156 /* SceneDelegate.swift */,
				849B598628DEF4AE00D5A156 /* ViewController.swift */,
				849B598828DEF4AE00D5A156 /* Main.storyboard */,
				849B598B28DEF4AF00D5A156 /* Assets.xcassets */,
				849B598D28DEF4AF00D5A156 /* LaunchScreen.storyboard */,
				849B599028DEF4AF00D5A156 /* Info.plist */,
				84DC4F1228E5BF0000241FC9 /* ChargerModel.swift */,
				8417E60128E70E1100EEDC27 /* Networking.swift */,
			);
			path = TestMap;
			sourceTree = "<group>";
		};
/* End PBXGroup section */

/* Begin PBXNativeTarget section */
		849B597E28DEF4AE00D5A156 /* TestMap */ = {
			isa = PBXNativeTarget;
			buildConfigurationList = 849B599328DEF4AF00D5A156 /* Build configuration list for PBXNativeTarget "TestMap" */;
			buildPhases = (
				849B597B28DEF4AE00D5A156 /* Sources */,
				849B597C28DEF4AE00D5A156 /* Frameworks */,
				849B597D28DEF4AE00D5A156 /* Resources */,
			);
			buildRules = (
			);
			dependencies = (
			);
			name = TestMap;
			productName = TestMap;
			productReference = 849B597F28DEF4AE00D5A156 /* TestMap.app */;
			productType = "com.apple.product-type.application";
		};
/* End PBXNativeTarget section */

/* Begin PBXProject section */
		849B597728DEF4AE00D5A156 /* Project object */ = {
			isa = PBXProject;
			attributes = {
				BuildIndependentTargetsInParallel = 1;
				LastSwiftUpdateCheck = 1400;
				LastUpgradeCheck = 1400;
				TargetAttributes = {
					849B597E28DEF4AE00D5A156 = {
						CreatedOnToolsVersion = 14.0;
					};
				};
			};
			buildConfigurationList = 849B597A28DEF4AE00D5A156 /* Build configuration list for PBXProject "TestMap" */;
			compatibilityVersion = "Xcode 14.0";
			developmentRegion = en;
			hasScannedForEncodings = 0;
			knownRegions = (
				en,
				Base,
			);
			mainGroup = 849B597628DEF4AE00D5A156;
			productRefGroup = 849B598028DEF4AE00D5A156 /* Products */;
			projectDirPath = "";
			projectRoot = "";
			targets = (
				849B597E28DEF4AE00D5A156 /* TestMap */,
			);
		};
/* End PBXProject section */

/* Begin PBXResourcesBuildPhase section */
		849B597D28DEF4AE00D5A156 /* Resources */ = {
			isa = PBXResourcesBuildPhase;
			buildActionMask = 2147483647;
			files = (
				849B598F28DEF4AF00D5A156 /* LaunchScreen.storyboard in Resources */,
				849B598C28DEF4AF00D5A156 /* Assets.xcassets in Resources */,
				849B598A28DEF4AE00D5A156 /* Main.storyboard in Resources */,
			);
			runOnlyForDeploymentPostprocessing = 0;
		};
/* End PBXResourcesBuildPhase section */

/* Begin PBXSourcesBuildPhase section */
		849B597B28DEF4AE00D5A156 /* Sources */ = {
			isa = PBXSourcesBuildPhase;
			buildActionMask = 2147483647;
			files = (
				849B598728DEF4AE00D5A156 /* ViewController.swift in Sources */,
				8417E60228E70E1100EEDC27 /* Networking.swift in Sources */,
				8417E60D28E7373900EEDC27 /* MapUtils.swift in Sources */,
				849B598328DEF4AE00D5A156 /* AppDelegate.swift in Sources */,
				84DC4F1328E5BF0000241FC9 /* ChargerModel.swift in Sources */,
				849B598528DEF4AE00D5A156 /* SceneDelegate.swift in Sources */,
				8417E60C28E7373900EEDC27 /* MathUtil.swift in Sources */,
				8417E60E28E7373900EEDC27 /* SphericalUtil.swift in Sources */,
			);
			runOnlyForDeploymentPostprocessing = 0;
		};
/* End PBXSourcesBuildPhase section */

/* Begin PBXVariantGroup section */
		849B598828DEF4AE00D5A156 /* Main.storyboard */ = {
			isa = PBXVariantGroup;
			children = (
				849B598928DEF4AE00D5A156 /* Base */,
			);
			name = Main.storyboard;
			sourceTree = "<group>";
		};
		849B598D28DEF4AF00D5A156 /* LaunchScreen.storyboard */ = {
			isa = PBXVariantGroup;
			children = (
				849B598E28DEF4AF00D5A156 /* Base */,
			);
			name = LaunchScreen.storyboard;
			sourceTree = "<group>";
		};
/* End PBXVariantGroup section */

/* Begin XCBuildConfiguration section */
		849B599128DEF4AF00D5A156 /* Debug */ = {
			isa = XCBuildConfiguration;
			buildSettings = {
				ALWAYS_SEARCH_USER_PATHS = NO;
				CLANG_ANALYZER_NONNULL = YES;
				CLANG_ANALYZER_NUMBER_OBJECT_CONVERSION = YES_AGGRESSIVE;
				CLANG_CXX_LANGUAGE_STANDARD = "gnu++20";
				CLANG_ENABLE_MODULES = YES;
				CLANG_ENABLE_OBJC_ARC = YES;
				CLANG_ENABLE_OBJC_WEAK = YES;
				CLANG_WARN_BLOCK_CAPTURE_AUTORELEASING = YES;
				CLANG_WARN_BOOL_CONVERSION = YES;
				CLANG_WARN_COMMA = YES;
				CLANG_WARN_CONSTANT_CONVERSION = YES;
				CLANG_WARN_DEPRECATED_OBJC_IMPLEMENTATIONS = YES;
				CLANG_WARN_DIRECT_OBJC_ISA_USAGE = YES_ERROR;
				CLANG_WARN_DOCUMENTATION_COMMENTS = YES;
				CLANG_WARN_EMPTY_BODY = YES;
				CLANG_WARN_ENUM_CONVERSION = YES;
				CLANG_WARN_INFINITE_RECURSION = YES;
				CLANG_WARN_INT_CONVERSION = YES;
				CLANG_WARN_NON_LITERAL_NULL_CONVERSION = YES;
				CLANG_WARN_OBJC_IMPLICIT_RETAIN_SELF = YES;
				CLANG_WARN_OBJC_LITERAL_CONVERSION = YES;
				CLANG_WARN_OBJC_ROOT_CLASS = YES_ERROR;
				CLANG_WARN_QUOTED_INCLUDE_IN_FRAMEWORK_HEADER = YES;
				CLANG_WARN_RANGE_LOOP_ANALYSIS = YES;
				CLANG_WARN_STRICT_PROTOTYPES = YES;
				CLANG_WARN_SUSPICIOUS_MOVE = YES;
				CLANG_WARN_UNGUARDED_AVAILABILITY = YES_AGGRESSIVE;
				CLANG_WARN_UNREACHABLE_CODE = YES;
				CLANG_WARN__DUPLICATE_METHOD_MATCH = YES;
				COPY_PHASE_STRIP = NO;
				DEBUG_INFORMATION_FORMAT = dwarf;
				ENABLE_STRICT_OBJC_MSGSEND = YES;
				ENABLE_TESTABILITY = YES;
				GCC_C_LANGUAGE_STANDARD = gnu11;
				GCC_DYNAMIC_NO_PIC = NO;
				GCC_NO_COMMON_BLOCKS = YES;
				GCC_OPTIMIZATION_LEVEL = 0;
				GCC_PREPROCESSOR_DEFINITIONS = (
					"DEBUG=1",
					"$(inherited)",
				);
				GCC_WARN_64_TO_32_BIT_CONVERSION = YES;
				GCC_WARN_ABOUT_RETURN_TYPE = YES_ERROR;
				GCC_WARN_UNDECLARED_SELECTOR = YES;
				GCC_WARN_UNINITIALIZED_AUTOS = YES_AGGRESSIVE;
				GCC_WARN_UNUSED_FUNCTION = YES;
				GCC_WARN_UNUSED_VARIABLE = YES;
				IPHONEOS_DEPLOYMENT_TARGET = 16.0;
				MTL_ENABLE_DEBUG_INFO = INCLUDE_SOURCE;
				MTL_FAST_MATH = YES;
				ONLY_ACTIVE_ARCH = YES;
				SDKROOT = iphoneos;
				SWIFT_ACTIVE_COMPILATION_CONDITIONS = DEBUG;
				SWIFT_OPTIMIZATION_LEVEL = "-Onone";
			};
			name = Debug;
		};
		849B599228DEF4AF00D5A156 /* Release */ = {
			isa = XCBuildConfiguration;
			buildSettings = {
				ALWAYS_SEARCH_USER_PATHS = NO;
				CLANG_ANALYZER_NONNULL = YES;
				CLANG_ANALYZER_NUMBER_OBJECT_CONVERSION = YES_AGGRESSIVE;
				CLANG_CXX_LANGUAGE_STANDARD = "gnu++20";
				CLANG_ENABLE_MODULES = YES;
				CLANG_ENABLE_OBJC_ARC = YES;
				CLANG_ENABLE_OBJC_WEAK = YES;
				CLANG_WARN_BLOCK_CAPTURE_AUTORELEASING = YES;
				CLANG_WARN_BOOL_CONVERSION = YES;
				CLANG_WARN_COMMA = YES;
				CLANG_WARN_CONSTANT_CONVERSION = YES;
				CLANG_WARN_DEPRECATED_OBJC_IMPLEMENTATIONS = YES;
				CLANG_WARN_DIRECT_OBJC_ISA_USAGE = YES_ERROR;
				CLANG_WARN_DOCUMENTATION_COMMENTS = YES;
				CLANG_WARN_EMPTY_BODY = YES;
				CLANG_WARN_ENUM_CONVERSION = YES;
				CLANG_WARN_INFINITE_RECURSION = YES;
				CLANG_WARN_INT_CONVERSION = YES;
				CLANG_WARN_NON_LITERAL_NULL_CONVERSION = YES;
				CLANG_WARN_OBJC_IMPLICIT_RETAIN_SELF = YES;
				CLANG_WARN_OBJC_LITERAL_CONVERSION = YES;
				CLANG_WARN_OBJC_ROOT_CLASS = YES_ERROR;
				CLANG_WARN_QUOTED_INCLUDE_IN_FRAMEWORK_HEADER = YES;
				CLANG_WARN_RANGE_LOOP_ANALYSIS = YES;
				CLANG_WARN_STRICT_PROTOTYPES = YES;
				CLANG_WARN_SUSPICIOUS_MOVE = YES;
				CLANG_WARN_UNGUARDED_AVAILABILITY = YES_AGGRESSIVE;
				CLANG_WARN_UNREACHABLE_CODE = YES;
				CLANG_WARN__DUPLICATE_METHOD_MATCH = YES;
				COPY_PHASE_STRIP = NO;
				DEBUG_INFORMATION_FORMAT = "dwarf-with-dsym";
				ENABLE_NS_ASSERTIONS = NO;
				ENABLE_STRICT_OBJC_MSGSEND = YES;
				GCC_C_LANGUAGE_STANDARD = gnu11;
				GCC_NO_COMMON_BLOCKS = YES;
				GCC_WARN_64_TO_32_BIT_CONVERSION = YES;
				GCC_WARN_ABOUT_RETURN_TYPE = YES_ERROR;
				GCC_WARN_UNDECLARED_SELECTOR = YES;
				GCC_WARN_UNINITIALIZED_AUTOS = YES_AGGRESSIVE;
				GCC_WARN_UNUSED_FUNCTION = YES;
				GCC_WARN_UNUSED_VARIABLE = YES;
				IPHONEOS_DEPLOYMENT_TARGET = 16.0;
				MTL_ENABLE_DEBUG_INFO = NO;
				MTL_FAST_MATH = YES;
				SDKROOT = iphoneos;
				SWIFT_COMPILATION_MODE = wholemodule;
				SWIFT_OPTIMIZATION_LEVEL = "-O";
				VALIDATE_PRODUCT = YES;
			};
			name = Release;
		};
		849B599428DEF4AF00D5A156 /* Debug */ = {
			isa = XCBuildConfiguration;
			buildSettings = {
				ASSETCATALOG_COMPILER_APPICON_NAME = AppIcon;
				ASSETCATALOG_COMPILER_GLOBAL_ACCENT_COLOR_NAME = AccentColor;
				CODE_SIGN_STYLE = Automatic;
				CURRENT_PROJECT_VERSION = 1;
				GENERATE_INFOPLIST_FILE = YES;
				INFOPLIST_FILE = TestMap/Info.plist;
				INFOPLIST_KEY_UIApplicationSupportsIndirectInputEvents = YES;
				INFOPLIST_KEY_UILaunchStoryboardName = LaunchScreen;
				INFOPLIST_KEY_UIMainStoryboardFile = Main;
				INFOPLIST_KEY_UISupportedInterfaceOrientations_iPad = "UIInterfaceOrientationPortrait UIInterfaceOrientationPortraitUpsideDown UIInterfaceOrientationLandscapeLeft UIInterfaceOrientationLandscapeRight";
				INFOPLIST_KEY_UISupportedInterfaceOrientations_iPhone = "UIInterfaceOrientationPortrait UIInterfaceOrientationLandscapeLeft UIInterfaceOrientationLandscapeRight";
				LD_RUNPATH_SEARCH_PATHS = (
					"$(inherited)",
					"@executable_path/Frameworks",
				);
				MARKETING_VERSION = 1.0;
				PRODUCT_BUNDLE_IDENTIFIER = com.test.TestMap;
				PRODUCT_NAME = "$(TARGET_NAME)";
				SWIFT_EMIT_LOC_STRINGS = YES;
				SWIFT_VERSION = 5.0;
				TARGETED_DEVICE_FAMILY = "1,2";
			};
			name = Debug;
		};
		849B599528DEF4AF00D5A156 /* Release */ = {
			isa = XCBuildConfiguration;
			buildSettings = {
				ASSETCATALOG_COMPILER_APPICON_NAME = AppIcon;
				ASSETCATALOG_COMPILER_GLOBAL_ACCENT_COLOR_NAME = AccentColor;
				CODE_SIGN_STYLE = Automatic;
				CURRENT_PROJECT_VERSION = 1;
				GENERATE_INFOPLIST_FILE = YES;
				INFOPLIST_FILE = TestMap/Info.plist;
				INFOPLIST_KEY_UIApplicationSupportsIndirectInputEvents = YES;
				INFOPLIST_KEY_UILaunchStoryboardName = LaunchScreen;
				INFOPLIST_KEY_UIMainStoryboardFile = Main;
				INFOPLIST_KEY_UISupportedInterfaceOrientations_iPad = "UIInterfaceOrientationPortrait UIInterfaceOrientationPortraitUpsideDown UIInterfaceOrientationLandscapeLeft UIInterfaceOrientationLandscapeRight";
				INFOPLIST_KEY_UISupportedInterfaceOrientations_iPhone = "UIInterfaceOrientationPortrait UIInterfaceOrientationLandscapeLeft UIInterfaceOrientationLandscapeRight";
				LD_RUNPATH_SEARCH_PATHS = (
					"$(inherited)",
					"@executable_path/Frameworks",
				);
				MARKETING_VERSION = 1.0;
				PRODUCT_BUNDLE_IDENTIFIER = com.test.TestMap;
				PRODUCT_NAME = "$(TARGET_NAME)";
				SWIFT_EMIT_LOC_STRINGS = YES;
				SWIFT_VERSION = 5.0;
				TARGETED_DEVICE_FAMILY = "1,2";
			};
			name = Release;
		};
/* End XCBuildConfiguration section */

/* Begin XCConfigurationList section */
		849B597A28DEF4AE00D5A156 /* Build configuration list for PBXProject "TestMap" */ = {
			isa = XCConfigurationList;
			buildConfigurations = (
				849B599128DEF4AF00D5A156 /* Debug */,
				849B599228DEF4AF00D5A156 /* Release */,
			);
			defaultConfigurationIsVisible = 0;
			defaultConfigurationName = Release;
		};
		849B599328DEF4AF00D5A156 /* Build configuration list for PBXNativeTarget "TestMap" */ = {
			isa = XCConfigurationList;
			buildConfigurations = (
				849B599428DEF4AF00D5A156 /* Debug */,
				849B599528DEF4AF00D5A156 /* Release */,
			);
			defaultConfigurationIsVisible = 0;
			defaultConfigurationName = Release;
		};
/* End XCConfigurationList section */
	};
	rootObject = 849B597728DEF4AE00D5A156 /* Project object */;
}
